{
    "version": 3,
    "terraform_version": "0.9.5",
    "serial": 138,
    "lineage": "2505c850-5ecc-46a8-9afa-1df114db28c7",
    "modules": [
        {
            "path": [
                "root"
            ],
            "outputs": {
                                "docker_ssl_proxy_latest": {
                                                        "sensitive": false,
                                                                            "type": "string",
                                                                                                "value": "sha256:841841118e11d11f3b0870084905640177df3edc5aa7cff289aad8da777a8ec9"
                                                                                                                }
                },
            "resources": {
                "docker_container.librenms": {
                    "type": "docker_container",
                    "depends_on": [
                        "docker_image.librenms",
                        "tls_locally_signed_cert.librenms",
                        "tls_private_key.librenms"
                    ],
                    "primary": {
                        "id": "df207578cdd5f9048dc53328d5cf42196a4aade033281b28b25973abac236d0e",
                        "attributes": {
                            "bridge": "",
                            "env.#": "8",
                            "env.1074764273": "OB_ADMIN=johan",
                            "env.1418948165": "DB_USER=root",
                            "env.1528883433": "DB_NAME=librenms",
                            "env.1983773456": "OB_PASS=geheim",
                            "env.4020448949": "TZ_CITY=Amsterdam",
                            "env.539350544": "BASE_URL=https://librenms.thuislab.ijohan.nl/",
                            "env.785249381": "DB_HOST=mysql",
                            "env.956678397": "DB_PASS=geheim",
                            "gateway": "172.17.0.1",
                            "id": "df207578cdd5f9048dc53328d5cf42196a4aade033281b28b25973abac236d0e",
                            "image": "sha256:2bb413f30da87f9622b9ee08c7cbe694be24a97a689a74a58e68f5a04ea9fc62",
                            "ip_address": "172.17.0.5",
                            "ip_prefix_length": "16",
                            "log_driver": "json-file",
                            "must_run": "true",
                            "name": "librenms",
                            "networks.#": "1",
                            "networks.2501908538": "mysql",
                            "ports.#": "1",
                            "ports.903602761.external": "8000",
                            "ports.903602761.internal": "80",
                            "ports.903602761.ip": "",
                            "ports.903602761.protocol": "tcp",
                            "restart": "always",
                            "upload.#": "3",
                            "upload.2508241836.content": "$config['snmp']['community'][] = \"public\";\n\n$config['snmp']['v3'][0]['authlevel'] = \"authPriv\";\n$config['snmp']['v3'][0]['authname'] = \"librenms\";\n$config['snmp']['v3'][0]['authpass'] = \"gotmyeeyeonyou\";\n$config['snmp']['v3'][0]['authalgo'] = \"SHA\";\n$config['snmp']['v3'][0]['cryptopass'] = \"gotmyeeyeonyou\";\n$config['snmp']['v3'][0]['cryptoalgo'] = \"AES\";\n\n$config['nets'][] = '172.16.0.0/24';\n$config['nets'][] = '172.16.1.0/24';\n$config['nets'][] = '172.16.2.0/24';\n$config['nets'][] = '172.16.3.0/24';\n$config['nets'][] = '172.16.4.0/24';\n$config['nets'][] = '192.168.2.0/24';\n\n# allow arp discovery\n$config['discovery_modules']['discovery-arp'] = 1;\n\n# allow adding hosts by ip\n$config['discovery_by_ip'] = true;\n\n",
                            "upload.2508241836.file": "/opt/librenms/config.custom.php",
                            "upload.3569268679.content": "-----BEGIN CERTIFICATE-----\nMIID2DCCAsCgAwIBAgIQWfKbtjobhsDxDnYcQeH0QzANBgkqhkiG9w0BAQsFADAU\nMRIwEAYDVQQDDAlpam9oYW4ubmwwHhcNMTcwNjA0MTE0ODE2WhcNMjIwMzIwMTE0\nODE2WjCBnDEMMAoGA1UEBhMDTi9BMQwwCgYDVQQIEwNOL0ExDDAKBgNVBAcTA04v\nQTEMMAoGA1UECRMDTi9BMQwwCgYDVQQREwNOL0ExEjAQBgNVBAoTCWlqb2hhbi5u\nbDEMMAoGA1UECxMDTi9BMSQwIgYDVQQDExtsaWJyZW5tcy50aHVpc2xhYi5pam9o\nYW4ubmwxDDAKBgNVBAUTA04vQTCCASIwDQYJKoZIhvcNAQEBBQADggEPADCCAQoC\nggEBAMShVWaVdX3d+e6iJlnGOHI8H8ROI3dIKTJew629qbzf6gaRE9BKrYLNctSp\nOG/CluHJ0G+Cd9FqNO5uXdmj8uv26CjDM6TflnVjNWurIXhAEGcDomI09bXziZBu\nLWp8OEaKdBKynBS7JTD63412Cw5v1PP7O+Lrg6FdmGuYzXgDD2pHpKRcxEVOqbj6\nPT5E8n0xyfIIJGSayuEnGS9z9GUztC7pFgh8yIQOqNdSDsIep+2nGEPPTPKd6yiF\nzKKPO5wbRObZP79jlnxc8sjefxxvhVLKStk0dOEJVZVdTjNNKfn37nhaJOstrvJj\nXXtgHudkVOb8Jxz1sVFgJe9XT+cCAwEAAaOBnDCBmTAOBgNVHQ8BAf8EBAMCBaAw\nEwYDVR0lBAwwCgYIKwYBBQUHAwEwDAYDVR0TAQH/BAIwADAfBgNVHSMEGDAWgBS1\nnjwUEMiefcnMY+gJMa/XZqYJpzBDBgNVHREEPDA6ghtsaWJyZW5tcy50aHVpc2xh\nYi5pam9oYW4ubmyCCGxpYnJlbm1zghFsaWJyZW5tcy50aHVpc2xhYjANBgkqhkiG\n9w0BAQsFAAOCAQEALPoSTxfLuoSldjebS7XPpcSXq4tIPgzHjFnMEfLpWkP5k89i\nXcXqVOUF/P3vjidayYfpGbBwMc2S/RzR6dk/NFfmc3N2/fS4orTGJpjJB7sSD00p\nMehNKNjz/XG6IEUKCjJAZBmDYy2OJ0AWcAKfjv8KACQc1dauyTwrJvzxcbA8Xvr7\nn9u4Md7mibr/roRnAu26FowWBgMveQIPdKPidJNzSusLREZ0kbp0HxrspbQ01Wts\nGzQZ7zEvWktm+a4IPFCOn8AU/oKkcensFDz2XwQrUL5bGxpF26jGvMbs89kJB8l1\nkm3En8naiE//xGtqtoLqs7Kv6HEHiykdQac92Q==\n-----END CERTIFICATE-----\n",
                            "upload.3569268679.file": "/etc/nginx/ssl/ssl.crt",
                            "upload.808906361.content": "-----BEGIN RSA PRIVATE KEY-----\nMIIEpAIBAAKCAQEAxKFVZpV1fd357qImWcY4cjwfxE4jd0gpMl7Drb2pvN/qBpET\n0Eqtgs1y1Kk4b8KW4cnQb4J30Wo07m5d2aPy6/boKMMzpN+WdWM1a6sheEAQZwOi\nYjT1tfOJkG4tanw4Rop0ErKcFLslMPrfjXYLDm/U8/s74uuDoV2Ya5jNeAMPakek\npFzERU6puPo9PkTyfTHJ8ggkZJrK4ScZL3P0ZTO0LukWCHzIhA6o11IOwh6n7acY\nQ89M8p3rKIXMoo87nBtE5tk/v2OWfFzyyN5/HG+FUspK2TR04QlVlV1OM00p+ffu\neFok6y2u8mNde2Ae52RU5vwnHPWxUWAl71dP5wIDAQABAoIBADITLB6N3XgKecXu\nAXpHYsSkzyo9BAcyl1s+ivLKJFn3ZC/77mHTQtDW5XGHDtpXYflqXeyn+z+XnpdC\nACCXAhxZqtIGtDY+wqBufYJH+KQZHJQ/drEv74tA1D218Vb2/5XnWJwSZHFbH6OT\noC70auhoToE78ApgFAuaPGDabykqm+7PmpMw/U7KIbj3pZx2WuAdlvD74sQT4NZ4\nLMWQ5OFa0FT/sJ8WPTsh5vXKxfEA+XHqJrAbhwMH4wzgoaEn0bJ92I41TjAWG/gH\nhzTeV/zdRPX9lkB0PbngXicvHKziqWpVmXvvU67JeEvTQ1HvMrBEHeRNjBLqHTH9\nwvlV8VECgYEA66HaptELhKqWR1glOeEPmm5bNItJGQlkBNYt2ouDHLxDGDXT0jiC\nuQt/Au/00svlCWUChwWb65GFnoZGBGG6fbq+lcg9qKUom1teEw2hpaWkBomwhJTB\nwdiiODGCIOYL9b08KxBuENgVvDlPB3CRH1yQX9cByMp1Be0tjw2JgHsCgYEA1aBu\nExpnHRC+U+mZnQ3we/FhkKsVAVssZAY72zB6PPOkqF6P+prkbaDiUkCL5eqF5/3d\ntZ86ml5hrXgyH4hg3IWdLo0b0HJ71NeASA7W7VrcCGoGKwp1+qGaQMSACZ/Y9XTr\nEfJDZCPTVm8njZR6sCiGvZ9fA5poIEzOmRrJsIUCgYAhZ6nC2oIChdiWNrXYVcLL\nhvehJFnxlbY7RU3s3Lhyu3Hbnc3w0JgfubSA6xnPRJ6szUglcjMfm1rRFYIZnu08\nY9wfCetL3FY8aCCXHOicvjXZw21l7lzlqVueEc678UEizngYNtUTyD6Ul59Pk7LP\nOmUxYR7co28hrvU1gZrLvwKBgQCv7354MSh24ZE+Xobqt8405Wjq0ltsUIBQqGmn\nbVde13HmUGrXg7VZLET4ZLxS0EET/RoZOFf1RoG/cdwl6BWNyGTZL9GWbJLbidfW\ngJI1zLymGVuXGvhrP6hgavTf+Euga3glwZYK5Q5qgwTaL0yTw+ykQprnxsS2xUrp\nAQzWWQKBgQDbu4uuW+5klFwureONijjIIQ7r9t5XjBQkGodAhHO+480z9BVTOwfL\n3p+5ITGk9KNMQ+ZUeSmnfv3DfxnbHgk3DzME+k/TUuzxrb57RQFhqqfAAeqR/S+d\nA/xhb2o5TDj0VaOha/GbaKHsp75ZRjZH032jPHpwTfnh6+wOh6kt5w==\n-----END RSA PRIVATE KEY-----\n",
                            "upload.808906361.file": "/etc/nginx/ssl/ssl.key",
                            "volumes.#": "2",
                            "volumes.1505518783.container_path": "/opt/librenms/logs",
                            "volumes.1505518783.from_container": "",
                            "volumes.1505518783.host_path": "/srv/librenms/logs",
                            "volumes.1505518783.read_only": "false",
                            "volumes.1505518783.volume_name": "",
                            "volumes.86015421.container_path": "/opt/librenms/rrd",
                            "volumes.86015421.from_container": "",
                            "volumes.86015421.host_path": "/srv/librenms/rrd",
                            "volumes.86015421.read_only": "false",
                            "volumes.86015421.volume_name": ""
                        },
                        "meta": {},
                        "tainted": false
                    },
                    "deposed": [],
                    "provider": ""
                },
                "docker_container.mysql": {
                    "type": "docker_container",
                    "depends_on": [
                        "docker_image.mysql"
                    ],
                    "primary": {
                        "id": "aa14bef837d2c72dcd149670a62125505e2ea9453659642e0396d025e2900e39",
                        "attributes": {
                            "bridge": "",
                            "env.#": "1",
                            "env.555993989": "MYSQL_ROOT_PASSWORD=geheim",
                            "gateway": "172.17.0.1",
                            "id": "aa14bef837d2c72dcd149670a62125505e2ea9453659642e0396d025e2900e39",
                            "image": "mysql:5.6",
                            "ip_address": "172.17.0.2",
                            "ip_prefix_length": "16",
                            "log_driver": "json-file",
                            "must_run": "true",
                            "name": "mysql",
                            "networks.#": "1",
                            "networks.2501908538": "mysql",
                            "ports.#": "1",
                            "ports.4036135278.external": "3306",
                            "ports.4036135278.internal": "3306",
                            "ports.4036135278.ip": "",
                            "ports.4036135278.protocol": "tcp",
                            "restart": "always",
                            "volumes.#": "1",
                            "volumes.3798108487.container_path": "/var/lib/mysql/",
                            "volumes.3798108487.from_container": "",
                            "volumes.3798108487.host_path": "/srv/mysql/",
                            "volumes.3798108487.read_only": "false",
                            "volumes.3798108487.volume_name": ""
                        },
                        "meta": {},
                        "tainted": false
                    },
                    "deposed": [],
                    "provider": ""
                },
                "docker_container.powerdns": {
                    "type": "docker_container",
                    "depends_on": [
                        "docker_image.powerdns",
                        "mysql_database.powerdns",
                        "mysql_user.powerdns"
                    ],
                    "primary": {
                        "id": "9aa91e1e86442c7310dbf4027bf2f43ef6e0c68e352e034759d410f5c3ead051",
                        "attributes": {
                            "bridge": "",
                            "env.#": "4",
                            "env.162436829": "MYSQL_HOST=mysql",
                            "env.2846341758": "MYSQL_PASS=powerdns",
                            "env.3597412229": "MYSQL_DB=powerdns",
                            "env.4247396280": "MYSQL_USER=powerdns",
                            "gateway": "172.17.0.1",
                            "id": "9aa91e1e86442c7310dbf4027bf2f43ef6e0c68e352e034759d410f5c3ead051",
                            "image": "sha256:a0ba9631fc7fb9aa0378e8d94f73b3747c1d3377fc4617eda4f69a1fff5bcdb1",
                            "ip_address": "172.17.0.3",
                            "ip_prefix_length": "16",
                            "log_driver": "json-file",
                            "must_run": "true",
                            "name": "powerdns",
                            "networks.#": "1",
                            "networks.2501908538": "mysql",
                            "ports.#": "3",
                            "ports.1843004199.external": "53",
                            "ports.1843004199.internal": "53",
                            "ports.1843004199.ip": "",
                            "ports.1843004199.protocol": "udp",
                            "ports.2880688800.external": "8081",
                            "ports.2880688800.internal": "8081",
                            "ports.2880688800.ip": "",
                            "ports.2880688800.protocol": "tcp",
                            "ports.3492377287.external": "53",
                            "ports.3492377287.internal": "53",
                            "ports.3492377287.ip": "",
                            "ports.3492377287.protocol": "tcp",
                            "restart": "always",
                            "upload.#": "1",
                            "upload.2887252170.content": "api=yes\napi-key=changeme\n# Needed before 4.1.0\nwebserver=yes\nwebserver-address=0.0.0.0\nwebserver-port=80\n",
                            "upload.2887252170.file": "/etc/pdns/conf.d/api.conf"
                        },
                        "meta": {},
                        "tainted": false
                    },
                    "deposed": [],
                    "provider": ""
                },
                "docker_container.smokeping": {
                    "type": "docker_container",
                    "depends_on": [
                        "docker_image.smokeping"
                    ],
                    "primary": {
                        "id": "cdbab108e0cde703d2a3478caa9c4b4f03528ec19499ea171364ed5bd90c5061",
                        "attributes": {
                            "bridge": "",
                            "env.#": "1",
                            "env.3923236303": "SPUSER=root",
                            "gateway": "172.17.0.1",
                            "id": "cdbab108e0cde703d2a3478caa9c4b4f03528ec19499ea171364ed5bd90c5061",
                            "image": "sha256:dabeb4fae415d4395311c68118bd6198215f0f75cfbd3b7a2f8c1b49f73f19eb",
                            "ip_address": "172.17.0.6",
                            "ip_prefix_length": "16",
                            "log_driver": "json-file",
                            "must_run": "true",
                            "name": "smokeping",
                            "networks.#": "1",
                            "networks.776439709": "smokeping",
                            "restart": "always",
                            "upload.#": "1",
                            "upload.1073826488.content": "*** Targets ***\n\nprobe = FPing\n\nmenu = Top\ntitle = Network Latency Grapher\nremark = Welcome to the SmokePing website of xxx Company. \\\n         Here you will learn all about the latency of our network.\n\n+ Local\n\nmenu = Local\ntitle = Local Network\n#parents = owner:/Test/James location:/\n\n++ LocalMachine\n\nmenu = Local Machine\ntitle = This host\nhost = localhost\n#alerts = someloss\n\n+ Servers\n\nmenu = Servers\ntitle = Servers under administration\n\n++ Balcora\n\nmenu = Balcora\ntitle = Balcora\nhost = balcora.ijohan.nl\n\n+ Routers\n\nmenu = Routers\ntitle = Routers under administration\n\n++ Local\n\nmenu = Local\ntitle = Local\nhost = router\n\n++ Thuis\n\nmenu = Thuis\ntitle = Thuis\nhost = thuis.ijohan.nl\n\n+ VPN\n\nmenu = VPN\ntitle = VPN connections\n\n++ Thuis\n\nmenu = Thuis\ntitle = Thuis\nhost = 192.168.2.1\n\n+ External\n\nmenu = External\ntitle = External host\n\n++ Google\n\nmenu = Google\ntitle = Google\nhost = www.google.nl\n",
                            "upload.1073826488.file": "/etc/smokeping/config.d/Targets",
                            "volumes.#": "1",
                            "volumes.1314494840.container_path": "/var/lib/smokeping/",
                            "volumes.1314494840.from_container": "",
                            "volumes.1314494840.host_path": "/srv/smokeping/lib/",
                            "volumes.1314494840.read_only": "false",
                            "volumes.1314494840.volume_name": ""
                        },
                        "meta": {},
                        "tainted": false
                    },
                    "deposed": [],
                    "provider": ""
                },
                "docker_container.smokeping-ssl": {
                    "type": "docker_container",
                    "depends_on": [
                        "docker_image.docker_ssl_proxy",
                        "tls_locally_signed_cert.smokeping",
                        "tls_private_key.smokeping"
                    ],
                    "primary": {
                        "id": "f955b30aca06301cc87da7e2bbc7da2874288e377df0bb1870bafb156cedbde6",
                        "attributes": {
                            "bridge": "",
                            "env.#": "2",
                            "env.2507532259": "DOMAIN=smokeping.thuislab.ijohan.nl",
                            "env.2625082662": "TARGET_HOST=smokeping",
                            "gateway": "172.17.0.1",
                            "id": "f955b30aca06301cc87da7e2bbc7da2874288e377df0bb1870bafb156cedbde6",
                            "image": "sha256:841841118e11d11f3b0870084905640177df3edc5aa7cff289aad8da777a8ec9",
                            "ip_address": "172.17.0.4",
                            "ip_prefix_length": "16",
                            "log_driver": "json-file",
                            "must_run": "true",
                            "name": "smokeping-ssl",
                            "networks.#": "1",
                            "networks.776439709": "smokeping",
                            "restart": "always",
                            "upload.#": "2",
                            "upload.3189819721.content": "-----BEGIN RSA PRIVATE KEY-----\nMIIEpQIBAAKCAQEAue/TGTPiW/IMNm5HcBhTR/jl4M1ElP55DXOgZ6A5XPTJjG9y\nGspJtt9HaSUsXy1pwA0LqePctFr0JSbiRYkFm9wo5alSLZ3zXPdTc28FKBCe/yEB\nwnKuqTZ3LTwl/SjYWy6/0DJlmOSImjvLheNoNMTV6T8V+DvPw9EpU0I4i9hDI2Fe\ngGXVl/q/0a5zUSinzTLTF4xHKZa0OwVEeo5USOYtZkxE49R2D0UWhkC6Z0iufU2U\nda4iPmyhMVWg/dUV5aKvQDoCIBGzux5PxxeM/M94DQNLsmJoRKSgixoUwn3ngRx3\n6atwWKq/l+PPr70ZG3LPWLm8KrC4xu0z3hImowIDAQABAoIBAQCxNEJQo6UYkc9X\n1LQaveQpFKopHBg/k2LVEhyOhiIFWHn5cIEjzSSBt7v8FmR6dPJzCTvTdwlxjble\n6vb85EDHMQR9FGjwdrdoI4KR4f3dGDIf3lop8lhJhlIAd3GRG2tPQ3elOVKgazVR\nIKmv+XHn0Kw5dlk+0eoJqn6jDdqMUzch+m4rGVgLvv6iELJG0CBBSItdhGCtuOdn\nGMxViK5nzBSiYUz2jvJByXt3mP3rsgCq1h2qBLGB6ZBukgZse1L3b5SiqZ/WzGds\nolAuUJi5+0p+RRoBvUwO9QaCukRKfWCJOFB70T/P3Tllyyvi1I053azl2FcNrv5Z\nu3JZt7tBAoGBAMi0yR4WllFSNQ3KUFCIQb1PKVl6CgtaplcQYHLMAVVHES67Xs0h\nP1Vdu9l8c5OsXjr2nHCJgYEo+DfosNr6fh8Ulw+gkk35VYSL8waASqzLvOx+KsVb\niL/OFcFV/drxP7KdGAiIsuK0gbY2LhD1bmX40IaNqFWHk7r7BUDm3SbhAoGBAO0p\nZfsIW6u2v5MUT13tQGs0tD+U6SWUrHXfm7n2HBXv9r3behJpkll8bBiAk0zepgSg\n6o+XKGnjbQQMuRlSJ4hCcQuYK3l5BgJMorkIbnQ/Cmtq+cngy2EJz7P6x1Ri1Gxm\noHLjAL511B1mTFLvtA5VYEewRQ+rzFVJyjeD+vIDAoGBALTRgvuTd9tNx7Rj15Wm\nHCvUfLk65H+0LHX1sB7cQjs06nsCnXcLBAcBinJ2151sRfyzHt+YUk8tvOqJvYOa\n9zNDFpEipYyQHAZtGwZ5YE1qxAr/48KoI3xBy4HB2hF9FVjyhKtzlE4AN3gUOc5X\nfx1pW1xNlSFxIpvq+KGvHAChAoGBAJ/iJuRD0DlFLIXlTVRPG/yqPVIX+83gGxwk\nMYH+zxRi//8itXswPP+jB+TE2YkbGOVJ7pf7Gb25Gsd+JFNTtV8BG+DrJ3PvCQQH\n0jPX4U7xKP8d0WQt7i5vRN1bFYJoVjj2Pvj03I2KNgPT8WSAQOzg1dW+mfBkq45b\n/r3KdiUtAoGADcVMiTOWtMk34I1O0tBTbFXVhTWSMnsoYNGJv5zA3bKdQCIjm1ve\n9XwAYTf5PqnXiPWUD++6k16kr6vnuLcRttTTyAE68KFkyupqW2vu+AxT9MliVWFf\nGxWhyZjfpQft2mWLxtbfLoQUsoqfXQUpvYt4R1wxB2kvQxPsypWkPhw=\n-----END RSA PRIVATE KEY-----\n",
                            "upload.3189819721.file": "/etc/nginx/certs/key.pem",
                            "upload.749402038.content": "-----BEGIN CERTIFICATE-----\nMIID3DCCAsSgAwIBAgIQJ2QyXYNIFy27JiArQIE/JjANBgkqhkiG9w0BAQsFADAU\nMRIwEAYDVQQDDAlpam9oYW4ubmwwHhcNMTcwNjA0MTE0ODE2WhcNMjIwMzIwMTE0\nODE2WjCBnTEMMAoGA1UEBhMDTi9BMQwwCgYDVQQIEwNOL0ExDDAKBgNVBAcTA04v\nQTEMMAoGA1UECRMDTi9BMQwwCgYDVQQREwNOL0ExEjAQBgNVBAoTCWlqb2hhbi5u\nbDEMMAoGA1UECxMDTi9BMSUwIwYDVQQDExxzbW9rZXBpbmcudGh1aXNsYWIuaWpv\naGFuLm5sMQwwCgYDVQQFEwNOL0EwggEiMA0GCSqGSIb3DQEBAQUAA4IBDwAwggEK\nAoIBAQC579MZM+Jb8gw2bkdwGFNH+OXgzUSU/nkNc6BnoDlc9MmMb3Iaykm230dp\nJSxfLWnADQup49y0WvQlJuJFiQWb3CjlqVItnfNc91NzbwUoEJ7/IQHCcq6pNnct\nPCX9KNhbLr/QMmWY5IiaO8uF42g0xNXpPxX4O8/D0SlTQjiL2EMjYV6AZdWX+r/R\nrnNRKKfNMtMXjEcplrQ7BUR6jlRI5i1mTETj1HYPRRaGQLpnSK59TZR1riI+bKEx\nVaD91RXloq9AOgIgEbO7Hk/HF4z8z3gNA0uyYmhEpKCLGhTCfeeBHHfpq3BYqr+X\n48+vvRkbcs9YubwqsLjG7TPeEiajAgMBAAGjgZ8wgZwwDgYDVR0PAQH/BAQDAgWg\nMBMGA1UdJQQMMAoGCCsGAQUFBwMBMAwGA1UdEwEB/wQCMAAwHwYDVR0jBBgwFoAU\ntZ48FBDInn3JzGPoCTGv12amCacwRgYDVR0RBD8wPYIcc21va2VwaW5nLnRodWlz\nbGFiLmlqb2hhbi5ubIIJc21va2VwaW5nghJzbW9rZXBpbmcudGh1aXNsYWIwDQYJ\nKoZIhvcNAQELBQADggEBABClL+UEqZfHnEQSRC7d/TnH/Xg9BHvPoq4hFwr35M1P\na7EfD02MMZsc2MKWOnUiPazI2ieAi6e7OW0/rwGlxsWrx60H9uWGUifuH48PfxX7\nemBcPX9CHiQ3bKN0KDhYbsQ/OlQ5CLnmbdG6Vl4u6Jw9zyxb4d1qDux+2wG0VwsI\n1UqMyU1luL2hRAc34Jx5O+8MEsE6+1l3t7A+zjNJ3ig/ip4tAPt+5cUz9DFIK+n9\nxV4hyajibXXLTtKDwalo5cjgPBCse/QaO/fSinMNGsuziX6kVS1pqYj/SOyIq7oX\nRgM3o6OtH/lOJvTM5TKoqfXxaePnXVOktmeepe+u5a0=\n-----END CERTIFICATE-----\n",
                            "upload.749402038.file": "/etc/nginx/certs/cert.pem"
                        },
                        "meta": {},
                        "tainted": false
                    },
                    "deposed": [],
                    "provider": ""
                },
                "docker_container.snmpd": {
                    "type": "docker_container",
                    "depends_on": [
                        "docker_image.snmpd"
                    ],
                    "primary": {
                        "id": "96ccc01197453d54c2623845bf6c4e4c21c4ee5377aec71f42f023705c2fea2f",
                        "attributes": {
                            "bridge": "",
                            "gateway": "",
                            "id": "96ccc01197453d54c2623845bf6c4e4c21c4ee5377aec71f42f023705c2fea2f",
                            "image": "sha256:12f556d36e4378cda3d1416438c69b58e6cccdab141c3e4138c7e8eb1f625d5d",
                            "ip_address": "",
                            "ip_prefix_length": "0",
                            "log_driver": "json-file",
                            "must_run": "true",
                            "name": "snmpd",
                            "network_mode": "host",
                            "restart": "always",
                            "upload.#": "1",
                            "upload.3290085348.content": "agentAddress udp:0.0.0.0:161,udp6:[::1]:161\n\ncreateUser librenms  SHA \"gotmyeyeonyou\"  AES \"gotmyeyeonyou\"\nrouser librenms\n\nview   systemonly  included   .1.3.6.1.2.1.1\nview   systemonly  included   .1.3.6.1.2.1.25.1\n\nrocommunity public  default    -V systemonly\nrocommunity6 public  default   -V systemonly\n\nsysLocation    Zuidhovenplantsoen 22, Arnhem, Netherlands\nsysContact     Johan \u003cops@ijohan.nl\u003e\nsysServices    72\n\ndisk       /     10000\nincludeAllDisks  10%\n\nload   12 10 5\n\nlinkUpDownNotifications  yes\n",
                            "upload.3290085348.file": "/etc/snmp/snmpd.conf"
                        },
                        "meta": {},
                        "tainted": false
                    },
                    "deposed": [],
                    "provider": ""
                },
                "docker_container.timemachine": {
                    "type": "docker_container",
                    "depends_on": [
                        "docker_image.timemachine"
                    ],
                    "primary": {
                        "id": "4da61dce1a13d949eb3c5659852db04c6e7afc1014f6d758d7bcc775dd63d822",
                        "attributes": {
                            "bridge": "",
                            "env.#": "1",
                            "env.3438380354": "PASSWORD=backups",
                            "gateway": "",
                            "id": "4da61dce1a13d949eb3c5659852db04c6e7afc1014f6d758d7bcc775dd63d822",
                            "image": "sha256:72059f82c99e329bc2519e7dd4b6ce4187d78ed2b085b8b8a928d4efc32aa9ac",
                            "ip_address": "",
                            "ip_prefix_length": "0",
                            "log_driver": "json-file",
                            "must_run": "true",
                            "name": "timemachine",
                            "network_mode": "host",
                            "restart": "always"
                        },
                        "meta": {},
                        "tainted": false
                    },
                    "deposed": [],
                    "provider": ""
                },
                "docker_image.docker_ssl_proxy": {
                    "type": "docker_image",
                    "depends_on": [],
                    "primary": {
                        "id": "sha256:841841118e11d11f3b0870084905640177df3edc5aa7cff289aad8da777a8ec9fsouza/docker-ssl-proxy:latest",
                        "attributes": {
                            "id": "sha256:841841118e11d11f3b0870084905640177df3edc5aa7cff289aad8da777a8ec9fsouza/docker-ssl-proxy:latest",
                            "latest": "sha256:841841118e11d11f3b0870084905640177df3edc5aa7cff289aad8da777a8ec9",
                            "name": "fsouza/docker-ssl-proxy:latest"
                        },
                        "meta": {},
                        "tainted": false
                    },
                    "deposed": [],
                    "provider": ""
                },
                "docker_image.librenms": {
                    "type": "docker_image",
                    "depends_on": [],
                    "primary": {
                        "id": "sha256:2bb413f30da87f9622b9ee08c7cbe694be24a97a689a74a58e68f5a04ea9fc62jarischaefer/docker-librenms:latest",
                        "attributes": {
                            "id": "sha256:2bb413f30da87f9622b9ee08c7cbe694be24a97a689a74a58e68f5a04ea9fc62jarischaefer/docker-librenms:latest",
                            "latest": "sha256:2bb413f30da87f9622b9ee08c7cbe694be24a97a689a74a58e68f5a04ea9fc62",
                            "name": "jarischaefer/docker-librenms:latest"
                        },
                        "meta": {},
                        "tainted": false
                    },
                    "deposed": [],
                    "provider": ""
                },
                "docker_image.mysql": {
                    "type": "docker_image",
                    "depends_on": [],
                    "primary": {
                        "id": "sha256:e799c7f9ae9cd01c2e78e26952767b96aef59a5e62f02305610448da47f8ca6bmysql:latest",
                        "attributes": {
                            "id": "sha256:e799c7f9ae9cd01c2e78e26952767b96aef59a5e62f02305610448da47f8ca6bmysql:latest",
                            "keep_locally": "false",
                            "latest": "sha256:ed7b6c642b9dde55c6c86bc58b5d3b571e1a9327c49e32a49433cfe5e792b24d",
                            "name": "mysql:5.6"
                        },
                        "meta": {},
                        "tainted": false
                    },
                    "deposed": [],
                    "provider": ""
                },
                "docker_image.powerdns": {
                    "type": "docker_image",
                    "depends_on": [],
                    "primary": {
                        "id": "sha256:a0ba9631fc7fb9aa0378e8d94f73b3747c1d3377fc4617eda4f69a1fff5bcdb1psitrax/powerdns:latest",
                        "attributes": {
                            "id": "sha256:a0ba9631fc7fb9aa0378e8d94f73b3747c1d3377fc4617eda4f69a1fff5bcdb1psitrax/powerdns:latest",
                            "latest": "sha256:a0ba9631fc7fb9aa0378e8d94f73b3747c1d3377fc4617eda4f69a1fff5bcdb1",
                            "name": "psitrax/powerdns:latest"
                        },
                        "meta": {},
                        "tainted": false
                    },
                    "deposed": [],
                    "provider": ""
                },
                "docker_image.smokeping": {
                    "type": "docker_image",
                    "depends_on": [],
                    "primary": {
                        "id": "sha256:dabeb4fae415d4395311c68118bd6198215f0f75cfbd3b7a2f8c1b49f73f19ebdperson/smokeping:latest",
                        "attributes": {
                            "id": "sha256:dabeb4fae415d4395311c68118bd6198215f0f75cfbd3b7a2f8c1b49f73f19ebdperson/smokeping:latest",
                            "latest": "sha256:dabeb4fae415d4395311c68118bd6198215f0f75cfbd3b7a2f8c1b49f73f19eb",
                            "name": "dperson/smokeping:latest"
                        },
                        "meta": {},
                        "tainted": false
                    },
                    "deposed": [],
                    "provider": ""
                },
                "docker_image.snmpd": {
                    "type": "docker_image",
                    "depends_on": [],
                    "primary": {
                        "id": "sha256:12f556d36e4378cda3d1416438c69b58e6cccdab141c3e4138c7e8eb1f625d5dpolinux/snmpd:alpine",
                        "attributes": {
                            "id": "sha256:12f556d36e4378cda3d1416438c69b58e6cccdab141c3e4138c7e8eb1f625d5dpolinux/snmpd:alpine",
                            "latest": "sha256:12f556d36e4378cda3d1416438c69b58e6cccdab141c3e4138c7e8eb1f625d5d",
                            "name": "polinux/snmpd:alpine"
                        },
                        "meta": {},
                        "tainted": false
                    },
                    "deposed": [],
                    "provider": ""
                },
                "docker_image.timemachine": {
                    "type": "docker_image",
                    "depends_on": [],
                    "primary": {
                        "id": "sha256:e2771b70c1bac4eb0401f18cb2fc7ca2d6cf2472928da147714d4b61a0e79469aequitas/timemachine:latest",
                        "attributes": {
                            "id": "sha256:e2771b70c1bac4eb0401f18cb2fc7ca2d6cf2472928da147714d4b61a0e79469aequitas/timemachine:latest",
                            "latest": "sha256:72059f82c99e329bc2519e7dd4b6ce4187d78ed2b085b8b8a928d4efc32aa9ac",
                            "name": "arve0/timemachine:latest"
                        },
                        "meta": {},
                        "tainted": false
                    },
                    "deposed": [],
                    "provider": ""
                },
                "docker_network.mysql": {
                    "type": "docker_network",
                    "depends_on": [],
                    "primary": {
                        "id": "7d16418ffc2fe795c88491c86734c51c93854404fa8bfb0b11a9c14cff810af2",
                        "attributes": {
                            "driver": "bridge",
                            "id": "7d16418ffc2fe795c88491c86734c51c93854404fa8bfb0b11a9c14cff810af2",
                            "internal": "true",
                            "name": "mysql",
                            "options.%": "0",
                            "scope": "local"
                        },
                        "meta": {},
                        "tainted": false
                    },
                    "deposed": [],
                    "provider": ""
                },
                "docker_network.smokeping": {
                    "type": "docker_network",
                    "depends_on": [],
                    "primary": {
                        "id": "2a02da0a11944314db547e356f77e58ffe402a49fe4d1a12a6fabe76f53bb4b4",
                        "attributes": {
                            "driver": "bridge",
                            "id": "2a02da0a11944314db547e356f77e58ffe402a49fe4d1a12a6fabe76f53bb4b4",
                            "internal": "true",
                            "name": "smokeping",
                            "options.%": "0",
                            "scope": "local"
                        },
                        "meta": {},
                        "tainted": false
                    },
                    "deposed": [],
                    "provider": ""
                },
                "mysql_database.librenms": {
                    "type": "mysql_database",
                    "depends_on": [],
                    "primary": {
                        "id": "librenms",
                        "attributes": {
                            "default_character_set": "utf8",
                            "default_collation": "utf8_unicode_ci",
                            "id": "librenms",
                            "name": "librenms"
                        },
                        "meta": {},
                        "tainted": false
                    },
                    "deposed": [],
                    "provider": ""
                },
                "mysql_database.powerdns": {
                    "type": "mysql_database",
                    "depends_on": [],
                    "primary": {
                        "id": "powerdns",
                        "attributes": {
                            "default_character_set": "utf8",
                            "default_collation": "utf8_general_ci",
                            "id": "powerdns",
                            "name": "powerdns"
                        },
                        "meta": {},
                        "tainted": false
                    },
                    "deposed": [],
                    "provider": ""
                },
                "mysql_grant.powerdns": {
                    "type": "mysql_grant",
                    "depends_on": [
                        "mysql_database.powerdns",
                        "mysql_user.powerdns"
                    ],
                    "primary": {
                        "id": "powerdns@%:powerdns",
                        "attributes": {
                            "database": "powerdns",
                            "grant": "false",
                            "host": "%",
                            "id": "powerdns@%:powerdns",
                            "privileges.#": "6",
                            "privileges.1759376126": "UPDATE",
                            "privileges.1999087025": "INDEX",
                            "privileges.2133731197": "CREATE",
                            "privileges.3138006342": "SELECT",
                            "privileges.3404380929": "DELETE",
                            "privileges.892623219": "INSERT",
                            "user": "powerdns"
                        },
                        "meta": {},
                        "tainted": false
                    },
                    "deposed": [],
                    "provider": ""
                },
                "mysql_user.powerdns": {
                    "type": "mysql_user",
                    "depends_on": [],
                    "primary": {
                        "id": "powerdns@%",
                        "attributes": {
                            "host": "%",
                            "id": "powerdns@%",
                            "password": "powerdns",
                            "user": "powerdns"
                        },
                        "meta": {},
                        "tainted": false
                    },
                    "deposed": [],
                    "provider": ""
                },
                "powerdns_record.hydra": {
                    "type": "powerdns_record",
                    "depends_on": [],
                    "primary": {
                        "id": "hydra.thuislab.ijohan.nl.:::A",
                        "attributes": {
                            "id": "hydra.thuislab.ijohan.nl.:::A",
                            "name": "hydra.thuislab.ijohan.nl.",
                            "records.#": "1",
                            "records.333759677": "172.16.1.250",
                            "ttl": "300",
                            "type": "A",
                            "zone": "thuislab.ijohan.nl"
                        },
                        "meta": {},
                        "tainted": false
                    },
                    "deposed": [],
                    "provider": ""
                },
                "powerdns_record.librenms": {
                    "type": "powerdns_record",
                    "depends_on": [
                        "docker_container.librenms"
                    ],
                    "primary": {
                        "id": "librenms.thuislab.ijohan.nl.:::A",
                        "attributes": {
                            "id": "librenms.thuislab.ijohan.nl.:::A",
                            "name": "librenms.thuislab.ijohan.nl.",
                            "records.#": "1",
                            "records.2475981478": "172.17.0.5",
                            "ttl": "300",
                            "type": "A",
                            "zone": "thuislab.ijohan.nl"
                        },
                        "meta": {},
                        "tainted": false
                    },
                    "deposed": [],
                    "provider": ""
                },
                "powerdns_record.smokeping": {
                    "type": "powerdns_record",
                    "depends_on": [
                        "docker_container.smokeping-ssl"
                    ],
                    "primary": {
                        "id": "smokeping.thuislab.ijohan.nl.:::A",
                        "attributes": {
                            "id": "smokeping.thuislab.ijohan.nl.:::A",
                            "name": "smokeping.thuislab.ijohan.nl.",
                            "records.#": "1",
                            "records.3834858032": "172.17.0.4",
                            "ttl": "300",
                            "type": "A",
                            "zone": "thuislab.ijohan.nl"
                        },
                        "meta": {},
                        "tainted": false
                    },
                    "deposed": [],
                    "provider": ""
                },
                "powerdns_record.thuislab_soa": {
                    "type": "powerdns_record",
                    "depends_on": [],
                    "primary": {
                        "id": "thuislab.ijohan.nl.:::SOA",
                        "attributes": {
                            "id": "thuislab.ijohan.nl.:::SOA",
                            "name": "thuislab.ijohan.nl.",
                            "records.#": "1",
                            "records.2578254191": "thuislab.ijohan.nl. ops.ijohan.nl. 1496435686 10800 1800 604800 86400",
                            "ttl": "86400",
                            "type": "SOA",
                            "zone": "thuislab.ijohan.nl"
                        },
                        "meta": {},
                        "tainted": false
                    },
                    "deposed": [],
                    "provider": ""
                },
                "powerdns_record.timemachine": {
                    "type": "powerdns_record",
                    "depends_on": [],
                    "primary": {
                        "id": "timemachine.thuislab.ijohan.nl.:::A",
                        "attributes": {
                            "id": "timemachine.thuislab.ijohan.nl.:::A",
                            "name": "timemachine.thuislab.ijohan.nl.",
                            "records.#": "1",
                            "records.333759677": "172.16.1.250",
                            "ttl": "300",
                            "type": "A",
                            "zone": "thuislab.ijohan.nl"
                        },
                        "meta": {},
                        "tainted": false
                    },
                    "deposed": [],
                    "provider": ""
                },
                "tls_cert_request.librenms": {
                    "type": "tls_cert_request",
                    "depends_on": [
                        "tls_private_key.librenms"
                    ],
                    "primary": {
                        "id": "75e8c004d00c66d969da9ac999e87020d7baa7bb",
                        "attributes": {
                            "cert_request_pem": "-----BEGIN CERTIFICATE REQUEST-----\nMIIDODCCAiACAQAwgZwxDDAKBgNVBAYTA04vQTEMMAoGA1UECBMDTi9BMQwwCgYD\nVQQHEwNOL0ExDDAKBgNVBAkTA04vQTEMMAoGA1UEERMDTi9BMRIwEAYDVQQKEwlp\nam9oYW4ubmwxDDAKBgNVBAsTA04vQTEkMCIGA1UEAxMbbGlicmVubXMudGh1aXNs\nYWIuaWpvaGFuLm5sMQwwCgYDVQQFEwNOL0EwggEiMA0GCSqGSIb3DQEBAQUAA4IB\nDwAwggEKAoIBAQDEoVVmlXV93fnuoiZZxjhyPB/ETiN3SCkyXsOtvam83+oGkRPQ\nSq2CzXLUqThvwpbhydBvgnfRajTubl3Zo/Lr9ugowzOk35Z1YzVrqyF4QBBnA6Ji\nNPW184mQbi1qfDhGinQSspwUuyUw+t+NdgsOb9Tz+zvi64OhXZhrmM14Aw9qR6Sk\nXMRFTqm4+j0+RPJ9McnyCCRkmsrhJxkvc/RlM7Qu6RYIfMiEDqjXUg7CHqftpxhD\nz0zynesohcyijzucG0Tm2T+/Y5Z8XPLI3n8cb4VSykrZNHThCVWVXU4zTSn59+54\nWiTrLa7yY117YB7nZFTm/Ccc9bFRYCXvV0/nAgMBAAGgVjBUBgkqhkiG9w0BCQ4x\nRzBFMEMGA1UdEQQ8MDqCG2xpYnJlbm1zLnRodWlzbGFiLmlqb2hhbi5ubIIIbGli\ncmVubXOCEWxpYnJlbm1zLnRodWlzbGFiMA0GCSqGSIb3DQEBCwUAA4IBAQCpJk9t\nglVv5GA7dIQvHon55CWcKRlSlEhI9heSUq7yNkAFS71Ihre1agXINxjlcOSi/s/T\ncTECtO1Dj7feLE5aIpFxpBwV0FtvIKh3+78/dBZVpxWQ/t/1qR3xxbwWbAOWEmy8\nrNTLtWS0J+QNS6KqIcnkrjeUlUY6EJy+VJeRH9DGBuabBMxd4nX1LoZGdCA+CdRc\n2pIp3tN0iDv/5SmOaaBvV2db4H+FPy3Ec5BzIUaFI0T2DcvgKE7wEEfDt8cBT7PS\nmBDmx9Dw9lDFFrcjeCdtdrW8HcE+ZgevZdmz08tLtX65jUY8TttZf88lgVtxlnjZ\nLmVNw7gQ+3ATmLDH\n-----END CERTIFICATE REQUEST-----\n",
                            "dns_names.#": "3",
                            "dns_names.0": "librenms.thuislab.ijohan.nl",
                            "dns_names.1": "librenms",
                            "dns_names.2": "librenms.thuislab",
                            "id": "75e8c004d00c66d969da9ac999e87020d7baa7bb",
                            "key_algorithm": "RSA",
                            "private_key_pem": "6731addcafba4a58f3f5de8ab08fa903619c300e",
                            "subject.#": "1",
                            "subject.0.common_name": "librenms.thuislab.ijohan.nl",
                            "subject.0.country": "N/A",
                            "subject.0.locality": "N/A",
                            "subject.0.organization": "ijohan.nl",
                            "subject.0.organizational_unit": "N/A",
                            "subject.0.postal_code": "N/A",
                            "subject.0.province": "N/A",
                            "subject.0.serial_number": "N/A",
                            "subject.0.street_address.#": "1",
                            "subject.0.street_address.0": "N/A"
                        },
                        "meta": {},
                        "tainted": false
                    },
                    "deposed": [],
                    "provider": ""
                },
                "tls_cert_request.smokeping": {
                    "type": "tls_cert_request",
                    "depends_on": [
                        "tls_private_key.smokeping"
                    ],
                    "primary": {
                        "id": "ef9a1c7f8f53ef2d2ff452a7ecd9edbc96ca095c",
                        "attributes": {
                            "cert_request_pem": "-----BEGIN CERTIFICATE REQUEST-----\nMIIDPDCCAiQCAQAwgZ0xDDAKBgNVBAYTA04vQTEMMAoGA1UECBMDTi9BMQwwCgYD\nVQQHEwNOL0ExDDAKBgNVBAkTA04vQTEMMAoGA1UEERMDTi9BMRIwEAYDVQQKEwlp\nam9oYW4ubmwxDDAKBgNVBAsTA04vQTElMCMGA1UEAxMcc21va2VwaW5nLnRodWlz\nbGFiLmlqb2hhbi5ubDEMMAoGA1UEBRMDTi9BMIIBIjANBgkqhkiG9w0BAQEFAAOC\nAQ8AMIIBCgKCAQEAue/TGTPiW/IMNm5HcBhTR/jl4M1ElP55DXOgZ6A5XPTJjG9y\nGspJtt9HaSUsXy1pwA0LqePctFr0JSbiRYkFm9wo5alSLZ3zXPdTc28FKBCe/yEB\nwnKuqTZ3LTwl/SjYWy6/0DJlmOSImjvLheNoNMTV6T8V+DvPw9EpU0I4i9hDI2Fe\ngGXVl/q/0a5zUSinzTLTF4xHKZa0OwVEeo5USOYtZkxE49R2D0UWhkC6Z0iufU2U\nda4iPmyhMVWg/dUV5aKvQDoCIBGzux5PxxeM/M94DQNLsmJoRKSgixoUwn3ngRx3\n6atwWKq/l+PPr70ZG3LPWLm8KrC4xu0z3hImowIDAQABoFkwVwYJKoZIhvcNAQkO\nMUowSDBGBgNVHREEPzA9ghxzbW9rZXBpbmcudGh1aXNsYWIuaWpvaGFuLm5sgglz\nbW9rZXBpbmeCEnNtb2tlcGluZy50aHVpc2xhYjANBgkqhkiG9w0BAQsFAAOCAQEA\nhlisDmuIyHL/Hd6eLow1B9BHy4S1Ynokx94NPEbrH0xSunl2+koMj7TytaKRhwfz\njMJMF9jz92n1B73rfgsRRTsfyxr1CZxSNvjzc3oSTOkfE5MelC+GDN9itYMvj5+b\nRPVtXyoCmNd4GUm6Yt+PywdSl5P6BssWKfO9jXoj1DXLSn3OJxv6DmHdtldO0pX9\n0uO/A+VfGHb8ENJTfOtlO6C+/l33RxY5qzzdC2lfzp2g2ZnkhtSZyOH6otN6lOWP\ngFUCUzu8sVf44IGDRvxT2BOu+YSL/V2oMRfWksahsfNx+mqudKWt/SthAjNoLK8q\nHFK8+VPEZfCazavwLLaO9w==\n-----END CERTIFICATE REQUEST-----\n",
                            "dns_names.#": "3",
                            "dns_names.0": "smokeping.thuislab.ijohan.nl",
                            "dns_names.1": "smokeping",
                            "dns_names.2": "smokeping.thuislab",
                            "id": "ef9a1c7f8f53ef2d2ff452a7ecd9edbc96ca095c",
                            "key_algorithm": "RSA",
                            "private_key_pem": "ded047f721e9f76b07d8e00d296b55cb0a80d3a7",
                            "subject.#": "1",
                            "subject.0.common_name": "smokeping.thuislab.ijohan.nl",
                            "subject.0.country": "N/A",
                            "subject.0.locality": "N/A",
                            "subject.0.organization": "ijohan.nl",
                            "subject.0.organizational_unit": "N/A",
                            "subject.0.postal_code": "N/A",
                            "subject.0.province": "N/A",
                            "subject.0.serial_number": "N/A",
                            "subject.0.street_address.#": "1",
                            "subject.0.street_address.0": "N/A"
                        },
                        "meta": {},
                        "tainted": false
                    },
                    "deposed": [],
                    "provider": ""
                },
                "tls_locally_signed_cert.librenms": {
                    "type": "tls_locally_signed_cert",
                    "depends_on": [
                        "tls_cert_request.librenms"
                    ],
                    "primary": {
                        "id": "119560985675620492502589488660568208451",
                        "attributes": {
                            "allowed_uses.#": "3",
                            "allowed_uses.0": "key_encipherment",
                            "allowed_uses.1": "digital_signature",
                            "allowed_uses.2": "server_auth",
                            "ca_cert_pem": "2a8f88e4852430c9e91619c8a282f599f79c79d1",
                            "ca_key_algorithm": "RSA",
                            "ca_private_key_pem": "522fabb29f43d5fb797a065ed6af9fbe84ab0843",
                            "cert_pem": "-----BEGIN CERTIFICATE-----\nMIID2DCCAsCgAwIBAgIQWfKbtjobhsDxDnYcQeH0QzANBgkqhkiG9w0BAQsFADAU\nMRIwEAYDVQQDDAlpam9oYW4ubmwwHhcNMTcwNjA0MTE0ODE2WhcNMjIwMzIwMTE0\nODE2WjCBnDEMMAoGA1UEBhMDTi9BMQwwCgYDVQQIEwNOL0ExDDAKBgNVBAcTA04v\nQTEMMAoGA1UECRMDTi9BMQwwCgYDVQQREwNOL0ExEjAQBgNVBAoTCWlqb2hhbi5u\nbDEMMAoGA1UECxMDTi9BMSQwIgYDVQQDExtsaWJyZW5tcy50aHVpc2xhYi5pam9o\nYW4ubmwxDDAKBgNVBAUTA04vQTCCASIwDQYJKoZIhvcNAQEBBQADggEPADCCAQoC\nggEBAMShVWaVdX3d+e6iJlnGOHI8H8ROI3dIKTJew629qbzf6gaRE9BKrYLNctSp\nOG/CluHJ0G+Cd9FqNO5uXdmj8uv26CjDM6TflnVjNWurIXhAEGcDomI09bXziZBu\nLWp8OEaKdBKynBS7JTD63412Cw5v1PP7O+Lrg6FdmGuYzXgDD2pHpKRcxEVOqbj6\nPT5E8n0xyfIIJGSayuEnGS9z9GUztC7pFgh8yIQOqNdSDsIep+2nGEPPTPKd6yiF\nzKKPO5wbRObZP79jlnxc8sjefxxvhVLKStk0dOEJVZVdTjNNKfn37nhaJOstrvJj\nXXtgHudkVOb8Jxz1sVFgJe9XT+cCAwEAAaOBnDCBmTAOBgNVHQ8BAf8EBAMCBaAw\nEwYDVR0lBAwwCgYIKwYBBQUHAwEwDAYDVR0TAQH/BAIwADAfBgNVHSMEGDAWgBS1\nnjwUEMiefcnMY+gJMa/XZqYJpzBDBgNVHREEPDA6ghtsaWJyZW5tcy50aHVpc2xh\nYi5pam9oYW4ubmyCCGxpYnJlbm1zghFsaWJyZW5tcy50aHVpc2xhYjANBgkqhkiG\n9w0BAQsFAAOCAQEALPoSTxfLuoSldjebS7XPpcSXq4tIPgzHjFnMEfLpWkP5k89i\nXcXqVOUF/P3vjidayYfpGbBwMc2S/RzR6dk/NFfmc3N2/fS4orTGJpjJB7sSD00p\nMehNKNjz/XG6IEUKCjJAZBmDYy2OJ0AWcAKfjv8KACQc1dauyTwrJvzxcbA8Xvr7\nn9u4Md7mibr/roRnAu26FowWBgMveQIPdKPidJNzSusLREZ0kbp0HxrspbQ01Wts\nGzQZ7zEvWktm+a4IPFCOn8AU/oKkcensFDz2XwQrUL5bGxpF26jGvMbs89kJB8l1\nkm3En8naiE//xGtqtoLqs7Kv6HEHiykdQac92Q==\n-----END CERTIFICATE-----\n",
                            "cert_request_pem": "fc2a4bb52e24b15db99b26433e17fe01e7692710",
                            "early_renewal_hours": "0",
                            "id": "119560985675620492502589488660568208451",
                            "validity_end_time": "2022-03-20T12:48:16.116448263+01:00",
                            "validity_period_hours": "42000",
                            "validity_start_time": "2017-06-04T13:48:16.116448263+02:00"
                        },
                        "meta": {},
                        "tainted": false
                    },
                    "deposed": [],
                    "provider": ""
                },
                "tls_locally_signed_cert.smokeping": {
                    "type": "tls_locally_signed_cert",
                    "depends_on": [
                        "tls_cert_request.smokeping"
                    ],
                    "primary": {
                        "id": "52360143050794186619832666672647454502",
                        "attributes": {
                            "allowed_uses.#": "3",
                            "allowed_uses.0": "key_encipherment",
                            "allowed_uses.1": "digital_signature",
                            "allowed_uses.2": "server_auth",
                            "ca_cert_pem": "2a8f88e4852430c9e91619c8a282f599f79c79d1",
                            "ca_key_algorithm": "RSA",
                            "ca_private_key_pem": "522fabb29f43d5fb797a065ed6af9fbe84ab0843",
                            "cert_pem": "-----BEGIN CERTIFICATE-----\nMIID3DCCAsSgAwIBAgIQJ2QyXYNIFy27JiArQIE/JjANBgkqhkiG9w0BAQsFADAU\nMRIwEAYDVQQDDAlpam9oYW4ubmwwHhcNMTcwNjA0MTE0ODE2WhcNMjIwMzIwMTE0\nODE2WjCBnTEMMAoGA1UEBhMDTi9BMQwwCgYDVQQIEwNOL0ExDDAKBgNVBAcTA04v\nQTEMMAoGA1UECRMDTi9BMQwwCgYDVQQREwNOL0ExEjAQBgNVBAoTCWlqb2hhbi5u\nbDEMMAoGA1UECxMDTi9BMSUwIwYDVQQDExxzbW9rZXBpbmcudGh1aXNsYWIuaWpv\naGFuLm5sMQwwCgYDVQQFEwNOL0EwggEiMA0GCSqGSIb3DQEBAQUAA4IBDwAwggEK\nAoIBAQC579MZM+Jb8gw2bkdwGFNH+OXgzUSU/nkNc6BnoDlc9MmMb3Iaykm230dp\nJSxfLWnADQup49y0WvQlJuJFiQWb3CjlqVItnfNc91NzbwUoEJ7/IQHCcq6pNnct\nPCX9KNhbLr/QMmWY5IiaO8uF42g0xNXpPxX4O8/D0SlTQjiL2EMjYV6AZdWX+r/R\nrnNRKKfNMtMXjEcplrQ7BUR6jlRI5i1mTETj1HYPRRaGQLpnSK59TZR1riI+bKEx\nVaD91RXloq9AOgIgEbO7Hk/HF4z8z3gNA0uyYmhEpKCLGhTCfeeBHHfpq3BYqr+X\n48+vvRkbcs9YubwqsLjG7TPeEiajAgMBAAGjgZ8wgZwwDgYDVR0PAQH/BAQDAgWg\nMBMGA1UdJQQMMAoGCCsGAQUFBwMBMAwGA1UdEwEB/wQCMAAwHwYDVR0jBBgwFoAU\ntZ48FBDInn3JzGPoCTGv12amCacwRgYDVR0RBD8wPYIcc21va2VwaW5nLnRodWlz\nbGFiLmlqb2hhbi5ubIIJc21va2VwaW5nghJzbW9rZXBpbmcudGh1aXNsYWIwDQYJ\nKoZIhvcNAQELBQADggEBABClL+UEqZfHnEQSRC7d/TnH/Xg9BHvPoq4hFwr35M1P\na7EfD02MMZsc2MKWOnUiPazI2ieAi6e7OW0/rwGlxsWrx60H9uWGUifuH48PfxX7\nemBcPX9CHiQ3bKN0KDhYbsQ/OlQ5CLnmbdG6Vl4u6Jw9zyxb4d1qDux+2wG0VwsI\n1UqMyU1luL2hRAc34Jx5O+8MEsE6+1l3t7A+zjNJ3ig/ip4tAPt+5cUz9DFIK+n9\nxV4hyajibXXLTtKDwalo5cjgPBCse/QaO/fSinMNGsuziX6kVS1pqYj/SOyIq7oX\nRgM3o6OtH/lOJvTM5TKoqfXxaePnXVOktmeepe+u5a0=\n-----END CERTIFICATE-----\n",
                            "cert_request_pem": "9455ce52af917fa54eaacd786e9aa2f706b4fb69",
                            "early_renewal_hours": "0",
                            "id": "52360143050794186619832666672647454502",
                            "validity_end_time": "2022-03-20T12:48:16.116881329+01:00",
                            "validity_period_hours": "42000",
                            "validity_start_time": "2017-06-04T13:48:16.116881329+02:00"
                        },
                        "meta": {},
                        "tainted": false
                    },
                    "deposed": [],
                    "provider": ""
                },
                "tls_private_key.librenms": {
                    "type": "tls_private_key",
                    "depends_on": [],
                    "primary": {
                        "id": "dcce1e8d26fcc6d35c25f96e3c07677c5b652e9d",
                        "attributes": {
                            "algorithm": "RSA",
                            "ecdsa_curve": "P224",
                            "id": "dcce1e8d26fcc6d35c25f96e3c07677c5b652e9d",
                            "private_key_pem": "-----BEGIN RSA PRIVATE KEY-----\nMIIEpAIBAAKCAQEAxKFVZpV1fd357qImWcY4cjwfxE4jd0gpMl7Drb2pvN/qBpET\n0Eqtgs1y1Kk4b8KW4cnQb4J30Wo07m5d2aPy6/boKMMzpN+WdWM1a6sheEAQZwOi\nYjT1tfOJkG4tanw4Rop0ErKcFLslMPrfjXYLDm/U8/s74uuDoV2Ya5jNeAMPakek\npFzERU6puPo9PkTyfTHJ8ggkZJrK4ScZL3P0ZTO0LukWCHzIhA6o11IOwh6n7acY\nQ89M8p3rKIXMoo87nBtE5tk/v2OWfFzyyN5/HG+FUspK2TR04QlVlV1OM00p+ffu\neFok6y2u8mNde2Ae52RU5vwnHPWxUWAl71dP5wIDAQABAoIBADITLB6N3XgKecXu\nAXpHYsSkzyo9BAcyl1s+ivLKJFn3ZC/77mHTQtDW5XGHDtpXYflqXeyn+z+XnpdC\nACCXAhxZqtIGtDY+wqBufYJH+KQZHJQ/drEv74tA1D218Vb2/5XnWJwSZHFbH6OT\noC70auhoToE78ApgFAuaPGDabykqm+7PmpMw/U7KIbj3pZx2WuAdlvD74sQT4NZ4\nLMWQ5OFa0FT/sJ8WPTsh5vXKxfEA+XHqJrAbhwMH4wzgoaEn0bJ92I41TjAWG/gH\nhzTeV/zdRPX9lkB0PbngXicvHKziqWpVmXvvU67JeEvTQ1HvMrBEHeRNjBLqHTH9\nwvlV8VECgYEA66HaptELhKqWR1glOeEPmm5bNItJGQlkBNYt2ouDHLxDGDXT0jiC\nuQt/Au/00svlCWUChwWb65GFnoZGBGG6fbq+lcg9qKUom1teEw2hpaWkBomwhJTB\nwdiiODGCIOYL9b08KxBuENgVvDlPB3CRH1yQX9cByMp1Be0tjw2JgHsCgYEA1aBu\nExpnHRC+U+mZnQ3we/FhkKsVAVssZAY72zB6PPOkqF6P+prkbaDiUkCL5eqF5/3d\ntZ86ml5hrXgyH4hg3IWdLo0b0HJ71NeASA7W7VrcCGoGKwp1+qGaQMSACZ/Y9XTr\nEfJDZCPTVm8njZR6sCiGvZ9fA5poIEzOmRrJsIUCgYAhZ6nC2oIChdiWNrXYVcLL\nhvehJFnxlbY7RU3s3Lhyu3Hbnc3w0JgfubSA6xnPRJ6szUglcjMfm1rRFYIZnu08\nY9wfCetL3FY8aCCXHOicvjXZw21l7lzlqVueEc678UEizngYNtUTyD6Ul59Pk7LP\nOmUxYR7co28hrvU1gZrLvwKBgQCv7354MSh24ZE+Xobqt8405Wjq0ltsUIBQqGmn\nbVde13HmUGrXg7VZLET4ZLxS0EET/RoZOFf1RoG/cdwl6BWNyGTZL9GWbJLbidfW\ngJI1zLymGVuXGvhrP6hgavTf+Euga3glwZYK5Q5qgwTaL0yTw+ykQprnxsS2xUrp\nAQzWWQKBgQDbu4uuW+5klFwureONijjIIQ7r9t5XjBQkGodAhHO+480z9BVTOwfL\n3p+5ITGk9KNMQ+ZUeSmnfv3DfxnbHgk3DzME+k/TUuzxrb57RQFhqqfAAeqR/S+d\nA/xhb2o5TDj0VaOha/GbaKHsp75ZRjZH032jPHpwTfnh6+wOh6kt5w==\n-----END RSA PRIVATE KEY-----\n",
                            "public_key_openssh": "ssh-rsa AAAAB3NzaC1yc2EAAAADAQABAAABAQDEoVVmlXV93fnuoiZZxjhyPB/ETiN3SCkyXsOtvam83+oGkRPQSq2CzXLUqThvwpbhydBvgnfRajTubl3Zo/Lr9ugowzOk35Z1YzVrqyF4QBBnA6JiNPW184mQbi1qfDhGinQSspwUuyUw+t+NdgsOb9Tz+zvi64OhXZhrmM14Aw9qR6SkXMRFTqm4+j0+RPJ9McnyCCRkmsrhJxkvc/RlM7Qu6RYIfMiEDqjXUg7CHqftpxhDz0zynesohcyijzucG0Tm2T+/Y5Z8XPLI3n8cb4VSykrZNHThCVWVXU4zTSn59+54WiTrLa7yY117YB7nZFTm/Ccc9bFRYCXvV0/n\n",
                            "public_key_pem": "-----BEGIN PUBLIC KEY-----\nMIIBIjANBgkqhkiG9w0BAQEFAAOCAQ8AMIIBCgKCAQEAxKFVZpV1fd357qImWcY4\ncjwfxE4jd0gpMl7Drb2pvN/qBpET0Eqtgs1y1Kk4b8KW4cnQb4J30Wo07m5d2aPy\n6/boKMMzpN+WdWM1a6sheEAQZwOiYjT1tfOJkG4tanw4Rop0ErKcFLslMPrfjXYL\nDm/U8/s74uuDoV2Ya5jNeAMPakekpFzERU6puPo9PkTyfTHJ8ggkZJrK4ScZL3P0\nZTO0LukWCHzIhA6o11IOwh6n7acYQ89M8p3rKIXMoo87nBtE5tk/v2OWfFzyyN5/\nHG+FUspK2TR04QlVlV1OM00p+ffueFok6y2u8mNde2Ae52RU5vwnHPWxUWAl71dP\n5wIDAQAB\n-----END PUBLIC KEY-----\n",
                            "rsa_bits": "2048"
                        },
                        "meta": {},
                        "tainted": false
                    },
                    "deposed": [],
                    "provider": ""
                },
                "tls_private_key.smokeping": {
                    "type": "tls_private_key",
                    "depends_on": [],
                    "primary": {
                        "id": "76911ce4ef9fdb428634d3b8b57cf6b7c81df513",
                        "attributes": {
                            "algorithm": "RSA",
                            "ecdsa_curve": "P224",
                            "id": "76911ce4ef9fdb428634d3b8b57cf6b7c81df513",
                            "private_key_pem": "-----BEGIN RSA PRIVATE KEY-----\nMIIEpQIBAAKCAQEAue/TGTPiW/IMNm5HcBhTR/jl4M1ElP55DXOgZ6A5XPTJjG9y\nGspJtt9HaSUsXy1pwA0LqePctFr0JSbiRYkFm9wo5alSLZ3zXPdTc28FKBCe/yEB\nwnKuqTZ3LTwl/SjYWy6/0DJlmOSImjvLheNoNMTV6T8V+DvPw9EpU0I4i9hDI2Fe\ngGXVl/q/0a5zUSinzTLTF4xHKZa0OwVEeo5USOYtZkxE49R2D0UWhkC6Z0iufU2U\nda4iPmyhMVWg/dUV5aKvQDoCIBGzux5PxxeM/M94DQNLsmJoRKSgixoUwn3ngRx3\n6atwWKq/l+PPr70ZG3LPWLm8KrC4xu0z3hImowIDAQABAoIBAQCxNEJQo6UYkc9X\n1LQaveQpFKopHBg/k2LVEhyOhiIFWHn5cIEjzSSBt7v8FmR6dPJzCTvTdwlxjble\n6vb85EDHMQR9FGjwdrdoI4KR4f3dGDIf3lop8lhJhlIAd3GRG2tPQ3elOVKgazVR\nIKmv+XHn0Kw5dlk+0eoJqn6jDdqMUzch+m4rGVgLvv6iELJG0CBBSItdhGCtuOdn\nGMxViK5nzBSiYUz2jvJByXt3mP3rsgCq1h2qBLGB6ZBukgZse1L3b5SiqZ/WzGds\nolAuUJi5+0p+RRoBvUwO9QaCukRKfWCJOFB70T/P3Tllyyvi1I053azl2FcNrv5Z\nu3JZt7tBAoGBAMi0yR4WllFSNQ3KUFCIQb1PKVl6CgtaplcQYHLMAVVHES67Xs0h\nP1Vdu9l8c5OsXjr2nHCJgYEo+DfosNr6fh8Ulw+gkk35VYSL8waASqzLvOx+KsVb\niL/OFcFV/drxP7KdGAiIsuK0gbY2LhD1bmX40IaNqFWHk7r7BUDm3SbhAoGBAO0p\nZfsIW6u2v5MUT13tQGs0tD+U6SWUrHXfm7n2HBXv9r3behJpkll8bBiAk0zepgSg\n6o+XKGnjbQQMuRlSJ4hCcQuYK3l5BgJMorkIbnQ/Cmtq+cngy2EJz7P6x1Ri1Gxm\noHLjAL511B1mTFLvtA5VYEewRQ+rzFVJyjeD+vIDAoGBALTRgvuTd9tNx7Rj15Wm\nHCvUfLk65H+0LHX1sB7cQjs06nsCnXcLBAcBinJ2151sRfyzHt+YUk8tvOqJvYOa\n9zNDFpEipYyQHAZtGwZ5YE1qxAr/48KoI3xBy4HB2hF9FVjyhKtzlE4AN3gUOc5X\nfx1pW1xNlSFxIpvq+KGvHAChAoGBAJ/iJuRD0DlFLIXlTVRPG/yqPVIX+83gGxwk\nMYH+zxRi//8itXswPP+jB+TE2YkbGOVJ7pf7Gb25Gsd+JFNTtV8BG+DrJ3PvCQQH\n0jPX4U7xKP8d0WQt7i5vRN1bFYJoVjj2Pvj03I2KNgPT8WSAQOzg1dW+mfBkq45b\n/r3KdiUtAoGADcVMiTOWtMk34I1O0tBTbFXVhTWSMnsoYNGJv5zA3bKdQCIjm1ve\n9XwAYTf5PqnXiPWUD++6k16kr6vnuLcRttTTyAE68KFkyupqW2vu+AxT9MliVWFf\nGxWhyZjfpQft2mWLxtbfLoQUsoqfXQUpvYt4R1wxB2kvQxPsypWkPhw=\n-----END RSA PRIVATE KEY-----\n",
                            "public_key_openssh": "ssh-rsa AAAAB3NzaC1yc2EAAAADAQABAAABAQC579MZM+Jb8gw2bkdwGFNH+OXgzUSU/nkNc6BnoDlc9MmMb3Iaykm230dpJSxfLWnADQup49y0WvQlJuJFiQWb3CjlqVItnfNc91NzbwUoEJ7/IQHCcq6pNnctPCX9KNhbLr/QMmWY5IiaO8uF42g0xNXpPxX4O8/D0SlTQjiL2EMjYV6AZdWX+r/RrnNRKKfNMtMXjEcplrQ7BUR6jlRI5i1mTETj1HYPRRaGQLpnSK59TZR1riI+bKExVaD91RXloq9AOgIgEbO7Hk/HF4z8z3gNA0uyYmhEpKCLGhTCfeeBHHfpq3BYqr+X48+vvRkbcs9YubwqsLjG7TPeEiaj\n",
                            "public_key_pem": "-----BEGIN PUBLIC KEY-----\nMIIBIjANBgkqhkiG9w0BAQEFAAOCAQ8AMIIBCgKCAQEAue/TGTPiW/IMNm5HcBhT\nR/jl4M1ElP55DXOgZ6A5XPTJjG9yGspJtt9HaSUsXy1pwA0LqePctFr0JSbiRYkF\nm9wo5alSLZ3zXPdTc28FKBCe/yEBwnKuqTZ3LTwl/SjYWy6/0DJlmOSImjvLheNo\nNMTV6T8V+DvPw9EpU0I4i9hDI2FegGXVl/q/0a5zUSinzTLTF4xHKZa0OwVEeo5U\nSOYtZkxE49R2D0UWhkC6Z0iufU2Uda4iPmyhMVWg/dUV5aKvQDoCIBGzux5PxxeM\n/M94DQNLsmJoRKSgixoUwn3ngRx36atwWKq/l+PPr70ZG3LPWLm8KrC4xu0z3hIm\nowIDAQAB\n-----END PUBLIC KEY-----\n",
                            "rsa_bits": "2048"
                        },
                        "meta": {},
                        "tainted": false
                    },
                    "deposed": [],
                    "provider": ""
                }
            },
            "depends_on": []
        },
        {
            "path": [
                "root",
                "couchpotato"
            ],
            "outputs": {
                "hostname": {
                    "sensitive": false,
                    "type": "string",
                    "value": "couchpotato.thuislab.ijohan.nl."
                }
            },
            "resources": {
                "docker_container.container": {
                    "type": "docker_container",
                    "depends_on": [
                        "docker_image.image"
                    ],
                    "primary": {
                        "id": "951744a7f9417133322549c2feb7d76be71082efc897180e4502c0b6f64f677c",
                        "attributes": {
                            "bridge": "",
                            "gateway": "172.17.0.1",
                            "id": "951744a7f9417133322549c2feb7d76be71082efc897180e4502c0b6f64f677c",
                            "image": "sha256:156d8c80f3da052f422886b848527419ee08c4922a22ab0246ab21d109d9bd14",
                            "ip_address": "172.17.0.8",
                            "ip_prefix_length": "16",
                            "log_driver": "json-file",
                            "must_run": "true",
                            "name": "couchpotato",
                            "networks.#": "1",
                            "networks.4110583506": "couchpotato",
                            "restart": "always"
                        },
                        "meta": {},
                        "tainted": false
                    },
                    "deposed": [],
                    "provider": ""
                },
                "docker_container.container-ssl": {
                    "type": "docker_container",
                    "depends_on": [
                        "docker_image.docker_ssl_proxy",
                        "tls_locally_signed_cert.signed_certificate",
                        "tls_private_key.private_key"
                    ],
                    "primary": {
                        "id": "f049911c7cbcd40b794d1c4932e451584567fb1681346140ec361660efa19758",
                        "attributes": {
                            "bridge": "",
                            "env.#": "3",
                            "env.2210202898": "DOMAIN=couchpotato.thuislab.ijohan.nl",
                            "env.25834201": "TARGET_HOST=couchpotato",
                            "env.848102405": "TARGET_PORT=5050",
                            "gateway": "172.17.0.1",
                            "id": "f049911c7cbcd40b794d1c4932e451584567fb1681346140ec361660efa19758",
                            "image": "sha256:841841118e11d11f3b0870084905640177df3edc5aa7cff289aad8da777a8ec9",
                            "ip_address": "172.17.0.7",
                            "ip_prefix_length": "16",
                            "log_driver": "json-file",
                            "must_run": "true",
                            "name": "couchpotato-ssl",
                            "networks.#": "1",
                            "networks.4110583506": "couchpotato",
                            "restart": "always",
                            "upload.#": "2",
                            "upload.2941251132.content": "-----BEGIN RSA PRIVATE KEY-----\nMIIEpQIBAAKCAQEAnfjsdT6gOVARVut7BLoTOLNG564ZOjU32hIYEoGQYXKDvv8h\ngENhM34c4/r7IW1eEPfAJ7C3sYLqeFu+LgOLFSi+i0Ky5lvILz8xKeOvd2Eb0kvz\n0a5Av1r6J7OhDRGxbnmSi5JrToWvIJ/vaS8Qeyvnsx7PM0Bpky2FQg+gPF3UjKV/\n/rBjDXez1joo99Uq0EOmfKVCrXHrTVgLtQcJ8bASxck+BXuUC/aHX6QFIkat98RC\n5ZhiH/qgScn0X8J8MwunBKGRZHfJIPOLTUSdGgZTGuBsyEylmvU0vv0K5XL6New6\nrJV7rujjC+gC8YEFipn1wJ1tWSb7y+U+a+AEyQIDAQABAoIBAQCNNdFxMM0azlbh\notexrv+1pJQST49fd+j4N0praIP+h9X66qcwt4pw9B+xL05DYDdA5aZQFGjv9b3Q\nXvoOub4e6PADHlk7D/pPOaah8lSMWzL6dkh6O9DG/PU2fhzNyO4ZefUkbHsdkuSs\nPitNk/OgluukMzs2bjKxjHRdTAiJTFLy5if3P6cQhjmRpr+JPtt0TH3Oa2V6iufR\n6A1sCKfbX5MKzeACmlQz/Muq5CMUMDr+40xuPBgyIJnd7vR7TDzCI4Rm2nHk/eVR\nftYk1DCR/fciP+5qdyIPDmWnEGnKj7hCzESb+OJZQlxPIQZgHMzKNMO1OtP/qvZf\nStt/EfHNAoGBAMCqTMX2cr2tafQWQeFsFRwK2d7O7IisDnmhqlCaldAJVdbnoN7n\niyOnq042Xf7rpkG/OugUJhLTvEMtqBfMQ6f9BpvLvibHDLNvXPE6IXwVmB1zEAgw\nQAd1BVitb6VHzMJKynPRFrzZj4zFp7+61fHvYAB6ttzrNvrn4T/S+dkPAoGBANHn\nDW834N9QhH7TySrHcf3GqudX0nuoClqbdm3Ct4L6/hEwpMlxR6Uc4+P41ZrsRr90\nBbPMqMLEKZSk6y39dQyHOmblZNlETfMQrilQ7hlP+7JXDMKALJ7SAL3hJsD0dXgN\ngwJKepaaj/mxNxelNkm0jlzLle9K8ZtnXBeMrdSnAoGBAKJNlJlcELL7KHvIWD13\nWJ0kAv/w31APaa5LY3e9kiEMDDUbMek1s4AY2nXr1OlQSOGwIAasGprXpgwNpUJP\nAFu/CtcqHwj5vBhY4zoP1295nYiJiuLrCrV9fkCC8r+QqcyvRrekV3xF5ukXBUa+\nNUc3eW9N8UhQGiPqPVYP/Aw/AoGBAK1bxeW4YdouVu+knP3e8Y+mOFqPVwDYHY0N\n3vbyHbxo7dNmuILDM2fz/2e2iTzFrfzLpzYDbtJFTw48UxyNu9FYEm0PQoaK+lIo\n0Z6//5YaUAfQC3LMh424ZfJs9SPiAu7fQfdvaeXey9Bug9Dcm4SuQfH0FuYmoHs4\nF4A/qQX7AoGAHkW/u0v/RP8/4A7fuEUv52l/58w0h/f+2BAXUemo4RvmqNqvmIkM\nmwWbUOUAfUwkTVmGhUjxiUbAu8C25SJb+3vCpCtH654ZdsfOYEUt4jAMQ34lzUbN\nJH+Cem3X7MoOIpx2e44NFOrCBoUGz91/Ks6d3k6ZJ3GkGeuYkCDQ+Vo=\n-----END RSA PRIVATE KEY-----\n",
                            "upload.2941251132.file": "/etc/nginx/certs/key.pem",
                            "upload.3021957614.content": "-----BEGIN CERTIFICATE-----\nMIIDuDCCAqCgAwIBAgIQDdJlAAJbYPIkGggqpXy4bjANBgkqhkiG9w0BAQsFADAU\nMRIwEAYDVQQDDAlpam9oYW4ubmwwHhcNMTcwNjA1MjEwMTM5WhcNMjIwMzIxMjEw\nMTM5WjB0MQkwBwYDVQQGEwAxCTAHBgNVBAgTADEJMAcGA1UEBxMAMQkwBwYDVQQR\nEwAxEjAQBgNVBAoTCWlqb2hhbi5ubDEJMAcGA1UECxMAMScwJQYDVQQDEx5jb3Vj\naHBvdGF0by50aHVpc2xhYi5pam9oYW4ubmwwggEiMA0GCSqGSIb3DQEBAQUAA4IB\nDwAwggEKAoIBAQCd+Ox1PqA5UBFW63sEuhM4s0bnrhk6NTfaEhgSgZBhcoO+/yGA\nQ2Ezfhzj+vshbV4Q98AnsLexgup4W74uA4sVKL6LQrLmW8gvPzEp4693YRvSS/PR\nrkC/Wvons6ENEbFueZKLkmtOha8gn+9pLxB7K+ezHs8zQGmTLYVCD6A8XdSMpX/+\nsGMNd7PWOij31SrQQ6Z8pUKtcetNWAu1BwnxsBLFyT4Fe5QL9odfpAUiRq33xELl\nmGIf+qBJyfRfwnwzC6cEoZFkd8kg84tNRJ0aBlMa4GzITKWa9TS+/Qrlcvo17Dqs\nlXuu6OML6ALxgQWKmfXAnW1ZJvvL5T5r4ATJAgMBAAGjgaUwgaIwDgYDVR0PAQH/\nBAQDAgWgMBMGA1UdJQQMMAoGCCsGAQUFBwMBMAwGA1UdEwEB/wQCMAAwHwYDVR0j\nBBgwFoAUtZ48FBDInn3JzGPoCTGv12amCacwTAYDVR0RBEUwQ4IeY291Y2hwb3Rh\ndG8udGh1aXNsYWIuaWpvaGFuLm5sggtjb3VjaHBvdGF0b4IUY291Y2hwb3RhdG8u\ndGh1aXNsYWIwDQYJKoZIhvcNAQELBQADggEBAHMQiyR7fWLyGH3vWsmU3QyRTiLP\nPDKRZxPAU+eOzlEinrhjwc5Pzz0ky3D+koBjV8Z30HDNu0R/u7Gs7d3OYTHYq3Bv\nZI/J4OGSnX5zDQANpEr9uMzAPbrA6J/S0k4PJxx8v+QcEfzJmxQAxbzinteoD0Og\nDpQWKuG5L8HAjWBaiKUURv9s8fsEY5CiD8E75YNhtAeK6Ip/6KSaDS2DzCve3FcN\njWAJKbqpUcEZO6Fu4p7nKL9HOGpn3qqhcNX9iCwYxXjZFpH3uMOCrcU3kc5v1qpl\nUhRUbmJhZOSA0vbji5DRSbKe+VBhHCOmcQugkz4FRXTyggHd5nGFWeQe33c=\n-----END CERTIFICATE-----\n",
                            "upload.3021957614.file": "/etc/nginx/certs/cert.pem"
                        },
                        "meta": {},
                        "tainted": false
                    },
                    "deposed": [],
                    "provider": ""
                },
                "docker_image.docker_ssl_proxy": {
                    "type": "docker_image",
                    "depends_on": [],
                    "primary": {
                        "id": "sha256:841841118e11d11f3b0870084905640177df3edc5aa7cff289aad8da777a8ec9fsouza/docker-ssl-proxy:latest",
                        "attributes": {
                            "id": "sha256:841841118e11d11f3b0870084905640177df3edc5aa7cff289aad8da777a8ec9fsouza/docker-ssl-proxy:latest",
                            "latest": "sha256:841841118e11d11f3b0870084905640177df3edc5aa7cff289aad8da777a8ec9",
                            "name": "fsouza/docker-ssl-proxy:latest"
                        },
                        "meta": {},
                        "tainted": false
                    },
                    "deposed": [],
                    "provider": ""
                },
                "docker_image.image": {
                    "type": "docker_image",
                    "depends_on": [],
                    "primary": {
                        "id": "sha256:156d8c80f3da052f422886b848527419ee08c4922a22ab0246ab21d109d9bd14timhaak/couchpotato:latest",
                        "attributes": {
                            "id": "sha256:156d8c80f3da052f422886b848527419ee08c4922a22ab0246ab21d109d9bd14timhaak/couchpotato:latest",
                            "latest": "sha256:156d8c80f3da052f422886b848527419ee08c4922a22ab0246ab21d109d9bd14",
                            "name": "timhaak/couchpotato:latest"
                        },
                        "meta": {},
                        "tainted": false
                    },
                    "deposed": [],
                    "provider": ""
                },
                "docker_network.network": {
                    "type": "docker_network",
                    "depends_on": [],
                    "primary": {
                        "id": "4e4ff6dacd7f014ec4c68751e579fa7faf18fe98229c4cf897fde8d609d87396",
                        "attributes": {
                            "driver": "bridge",
                            "id": "4e4ff6dacd7f014ec4c68751e579fa7faf18fe98229c4cf897fde8d609d87396",
                            "internal": "true",
                            "name": "couchpotato",
                            "options.%": "0",
                            "scope": "local"
                        },
                        "meta": {},
                        "tainted": false
                    },
                    "deposed": [],
                    "provider": ""
                },
                "powerdns_record.dns_record": {
                    "type": "powerdns_record",
                    "depends_on": [
                        "docker_container.container-ssl"
                    ],
                    "primary": {
                        "id": "couchpotato.thuislab.ijohan.nl.:::A",
                        "attributes": {
                            "id": "couchpotato.thuislab.ijohan.nl.:::A",
                            "name": "couchpotato.thuislab.ijohan.nl.",
                            "records.#": "1",
                            "records.2107251594": "172.17.0.7",
                            "ttl": "300",
                            "type": "A",
                            "zone": "thuislab.ijohan.nl"
                        },
                        "meta": {},
                        "tainted": false
                    },
                    "deposed": [],
                    "provider": ""
                },
                "tls_cert_request.certificate_request": {
                    "type": "tls_cert_request",
                    "depends_on": [
                        "tls_private_key.private_key"
                    ],
                    "primary": {
                        "id": "acaabe39197b07d2a11bf8c1f527d4024fe7d825",
                        "attributes": {
                            "cert_request_pem": "-----BEGIN CERTIFICATE REQUEST-----\nMIIDGDCCAgACAQAwdDEJMAcGA1UEBhMAMQkwBwYDVQQIEwAxCTAHBgNVBAcTADEJ\nMAcGA1UEERMAMRIwEAYDVQQKEwlpam9oYW4ubmwxCTAHBgNVBAsTADEnMCUGA1UE\nAxMeY291Y2hwb3RhdG8udGh1aXNsYWIuaWpvaGFuLm5sMIIBIjANBgkqhkiG9w0B\nAQEFAAOCAQ8AMIIBCgKCAQEAnfjsdT6gOVARVut7BLoTOLNG564ZOjU32hIYEoGQ\nYXKDvv8hgENhM34c4/r7IW1eEPfAJ7C3sYLqeFu+LgOLFSi+i0Ky5lvILz8xKeOv\nd2Eb0kvz0a5Av1r6J7OhDRGxbnmSi5JrToWvIJ/vaS8Qeyvnsx7PM0Bpky2FQg+g\nPF3UjKV//rBjDXez1joo99Uq0EOmfKVCrXHrTVgLtQcJ8bASxck+BXuUC/aHX6QF\nIkat98RC5ZhiH/qgScn0X8J8MwunBKGRZHfJIPOLTUSdGgZTGuBsyEylmvU0vv0K\n5XL6New6rJV7rujjC+gC8YEFipn1wJ1tWSb7y+U+a+AEyQIDAQABoF8wXQYJKoZI\nhvcNAQkOMVAwTjBMBgNVHREERTBDgh5jb3VjaHBvdGF0by50aHVpc2xhYi5pam9o\nYW4ubmyCC2NvdWNocG90YXRvghRjb3VjaHBvdGF0by50aHVpc2xhYjANBgkqhkiG\n9w0BAQsFAAOCAQEAD02XBUWUGCU/6ReEKsIhwVJ6h82TlhjVAb5Go5vmLY+iHeHu\nJMoNWNPPSh5seDIQoYrdr5LAH+OzBcW0Uxj4YV4orcokfEsiWu9e6i5TDHqMssJC\negn1D/6hpQAzInKl89HTvMAuoxiyFl3CObvaqr0j7gg2PUojtwcnqRYY4uI2lE+l\n0RiAtd79HXXZfnEwd+W+TdA9ashEMVHT+YGnw513DgwA+ewtxoi04UyDywVgJqGG\nN3g3ykOi/gBvwEXL6BCAdxCQYFkcEeUx/AsLlzeWyBlcMJKn5xjaQnvyfClwR3QM\nT7kHYC/iJBQMSI4W9OVwG7xsvcL5pSfM0rX/iQ==\n-----END CERTIFICATE REQUEST-----\n",
                            "dns_names.#": "3",
                            "dns_names.0": "couchpotato.thuislab.ijohan.nl",
                            "dns_names.1": "couchpotato",
                            "dns_names.2": "couchpotato.thuislab",
                            "id": "acaabe39197b07d2a11bf8c1f527d4024fe7d825",
                            "key_algorithm": "RSA",
                            "private_key_pem": "2430f02e470bc050a32e4a9c270d56e3d49a91d9",
                            "subject.#": "1",
                            "subject.0.common_name": "couchpotato.thuislab.ijohan.nl",
                            "subject.0.country": "",
                            "subject.0.locality": "",
                            "subject.0.organization": "ijohan.nl",
                            "subject.0.organizational_unit": "",
                            "subject.0.postal_code": "",
                            "subject.0.province": "",
                            "subject.0.serial_number": "",
                            "subject.0.street_address.#": "0"
                        },
                        "meta": {},
                        "tainted": false
                    },
                    "deposed": [],
                    "provider": ""
                },
                "tls_locally_signed_cert.signed_certificate": {
                    "type": "tls_locally_signed_cert",
                    "depends_on": [
                        "tls_cert_request.certificate_request"
                    ],
                    "primary": {
                        "id": "18372394809595629051577158115178362990",
                        "attributes": {
                            "allowed_uses.#": "3",
                            "allowed_uses.0": "key_encipherment",
                            "allowed_uses.1": "digital_signature",
                            "allowed_uses.2": "server_auth",
                            "ca_cert_pem": "2a8f88e4852430c9e91619c8a282f599f79c79d1",
                            "ca_key_algorithm": "RSA",
                            "ca_private_key_pem": "522fabb29f43d5fb797a065ed6af9fbe84ab0843",
                            "cert_pem": "-----BEGIN CERTIFICATE-----\nMIIDuDCCAqCgAwIBAgIQDdJlAAJbYPIkGggqpXy4bjANBgkqhkiG9w0BAQsFADAU\nMRIwEAYDVQQDDAlpam9oYW4ubmwwHhcNMTcwNjA1MjEwMTM5WhcNMjIwMzIxMjEw\nMTM5WjB0MQkwBwYDVQQGEwAxCTAHBgNVBAgTADEJMAcGA1UEBxMAMQkwBwYDVQQR\nEwAxEjAQBgNVBAoTCWlqb2hhbi5ubDEJMAcGA1UECxMAMScwJQYDVQQDEx5jb3Vj\naHBvdGF0by50aHVpc2xhYi5pam9oYW4ubmwwggEiMA0GCSqGSIb3DQEBAQUAA4IB\nDwAwggEKAoIBAQCd+Ox1PqA5UBFW63sEuhM4s0bnrhk6NTfaEhgSgZBhcoO+/yGA\nQ2Ezfhzj+vshbV4Q98AnsLexgup4W74uA4sVKL6LQrLmW8gvPzEp4693YRvSS/PR\nrkC/Wvons6ENEbFueZKLkmtOha8gn+9pLxB7K+ezHs8zQGmTLYVCD6A8XdSMpX/+\nsGMNd7PWOij31SrQQ6Z8pUKtcetNWAu1BwnxsBLFyT4Fe5QL9odfpAUiRq33xELl\nmGIf+qBJyfRfwnwzC6cEoZFkd8kg84tNRJ0aBlMa4GzITKWa9TS+/Qrlcvo17Dqs\nlXuu6OML6ALxgQWKmfXAnW1ZJvvL5T5r4ATJAgMBAAGjgaUwgaIwDgYDVR0PAQH/\nBAQDAgWgMBMGA1UdJQQMMAoGCCsGAQUFBwMBMAwGA1UdEwEB/wQCMAAwHwYDVR0j\nBBgwFoAUtZ48FBDInn3JzGPoCTGv12amCacwTAYDVR0RBEUwQ4IeY291Y2hwb3Rh\ndG8udGh1aXNsYWIuaWpvaGFuLm5sggtjb3VjaHBvdGF0b4IUY291Y2hwb3RhdG8u\ndGh1aXNsYWIwDQYJKoZIhvcNAQELBQADggEBAHMQiyR7fWLyGH3vWsmU3QyRTiLP\nPDKRZxPAU+eOzlEinrhjwc5Pzz0ky3D+koBjV8Z30HDNu0R/u7Gs7d3OYTHYq3Bv\nZI/J4OGSnX5zDQANpEr9uMzAPbrA6J/S0k4PJxx8v+QcEfzJmxQAxbzinteoD0Og\nDpQWKuG5L8HAjWBaiKUURv9s8fsEY5CiD8E75YNhtAeK6Ip/6KSaDS2DzCve3FcN\njWAJKbqpUcEZO6Fu4p7nKL9HOGpn3qqhcNX9iCwYxXjZFpH3uMOCrcU3kc5v1qpl\nUhRUbmJhZOSA0vbji5DRSbKe+VBhHCOmcQugkz4FRXTyggHd5nGFWeQe33c=\n-----END CERTIFICATE-----\n",
                            "cert_request_pem": "647fa853f53f736813ccf2795587f6f5b1c6f8c7",
                            "early_renewal_hours": "0",
                            "id": "18372394809595629051577158115178362990",
                            "validity_end_time": "2022-03-21T22:01:39.369082952+01:00",
                            "validity_period_hours": "42000",
                            "validity_start_time": "2017-06-05T23:01:39.369082952+02:00"
                        },
                        "meta": {},
                        "tainted": false
                    },
                    "deposed": [],
                    "provider": ""
                },
                "tls_private_key.private_key": {
                    "type": "tls_private_key",
                    "depends_on": [],
                    "primary": {
                        "id": "a14db749ffc7f490651c27ff99914607015d10c4",
                        "attributes": {
                            "algorithm": "RSA",
                            "ecdsa_curve": "P224",
                            "id": "a14db749ffc7f490651c27ff99914607015d10c4",
                            "private_key_pem": "-----BEGIN RSA PRIVATE KEY-----\nMIIEpQIBAAKCAQEAnfjsdT6gOVARVut7BLoTOLNG564ZOjU32hIYEoGQYXKDvv8h\ngENhM34c4/r7IW1eEPfAJ7C3sYLqeFu+LgOLFSi+i0Ky5lvILz8xKeOvd2Eb0kvz\n0a5Av1r6J7OhDRGxbnmSi5JrToWvIJ/vaS8Qeyvnsx7PM0Bpky2FQg+gPF3UjKV/\n/rBjDXez1joo99Uq0EOmfKVCrXHrTVgLtQcJ8bASxck+BXuUC/aHX6QFIkat98RC\n5ZhiH/qgScn0X8J8MwunBKGRZHfJIPOLTUSdGgZTGuBsyEylmvU0vv0K5XL6New6\nrJV7rujjC+gC8YEFipn1wJ1tWSb7y+U+a+AEyQIDAQABAoIBAQCNNdFxMM0azlbh\notexrv+1pJQST49fd+j4N0praIP+h9X66qcwt4pw9B+xL05DYDdA5aZQFGjv9b3Q\nXvoOub4e6PADHlk7D/pPOaah8lSMWzL6dkh6O9DG/PU2fhzNyO4ZefUkbHsdkuSs\nPitNk/OgluukMzs2bjKxjHRdTAiJTFLy5if3P6cQhjmRpr+JPtt0TH3Oa2V6iufR\n6A1sCKfbX5MKzeACmlQz/Muq5CMUMDr+40xuPBgyIJnd7vR7TDzCI4Rm2nHk/eVR\nftYk1DCR/fciP+5qdyIPDmWnEGnKj7hCzESb+OJZQlxPIQZgHMzKNMO1OtP/qvZf\nStt/EfHNAoGBAMCqTMX2cr2tafQWQeFsFRwK2d7O7IisDnmhqlCaldAJVdbnoN7n\niyOnq042Xf7rpkG/OugUJhLTvEMtqBfMQ6f9BpvLvibHDLNvXPE6IXwVmB1zEAgw\nQAd1BVitb6VHzMJKynPRFrzZj4zFp7+61fHvYAB6ttzrNvrn4T/S+dkPAoGBANHn\nDW834N9QhH7TySrHcf3GqudX0nuoClqbdm3Ct4L6/hEwpMlxR6Uc4+P41ZrsRr90\nBbPMqMLEKZSk6y39dQyHOmblZNlETfMQrilQ7hlP+7JXDMKALJ7SAL3hJsD0dXgN\ngwJKepaaj/mxNxelNkm0jlzLle9K8ZtnXBeMrdSnAoGBAKJNlJlcELL7KHvIWD13\nWJ0kAv/w31APaa5LY3e9kiEMDDUbMek1s4AY2nXr1OlQSOGwIAasGprXpgwNpUJP\nAFu/CtcqHwj5vBhY4zoP1295nYiJiuLrCrV9fkCC8r+QqcyvRrekV3xF5ukXBUa+\nNUc3eW9N8UhQGiPqPVYP/Aw/AoGBAK1bxeW4YdouVu+knP3e8Y+mOFqPVwDYHY0N\n3vbyHbxo7dNmuILDM2fz/2e2iTzFrfzLpzYDbtJFTw48UxyNu9FYEm0PQoaK+lIo\n0Z6//5YaUAfQC3LMh424ZfJs9SPiAu7fQfdvaeXey9Bug9Dcm4SuQfH0FuYmoHs4\nF4A/qQX7AoGAHkW/u0v/RP8/4A7fuEUv52l/58w0h/f+2BAXUemo4RvmqNqvmIkM\nmwWbUOUAfUwkTVmGhUjxiUbAu8C25SJb+3vCpCtH654ZdsfOYEUt4jAMQ34lzUbN\nJH+Cem3X7MoOIpx2e44NFOrCBoUGz91/Ks6d3k6ZJ3GkGeuYkCDQ+Vo=\n-----END RSA PRIVATE KEY-----\n",
                            "public_key_openssh": "ssh-rsa AAAAB3NzaC1yc2EAAAADAQABAAABAQCd+Ox1PqA5UBFW63sEuhM4s0bnrhk6NTfaEhgSgZBhcoO+/yGAQ2Ezfhzj+vshbV4Q98AnsLexgup4W74uA4sVKL6LQrLmW8gvPzEp4693YRvSS/PRrkC/Wvons6ENEbFueZKLkmtOha8gn+9pLxB7K+ezHs8zQGmTLYVCD6A8XdSMpX/+sGMNd7PWOij31SrQQ6Z8pUKtcetNWAu1BwnxsBLFyT4Fe5QL9odfpAUiRq33xELlmGIf+qBJyfRfwnwzC6cEoZFkd8kg84tNRJ0aBlMa4GzITKWa9TS+/Qrlcvo17DqslXuu6OML6ALxgQWKmfXAnW1ZJvvL5T5r4ATJ\n",
                            "public_key_pem": "-----BEGIN PUBLIC KEY-----\nMIIBIjANBgkqhkiG9w0BAQEFAAOCAQ8AMIIBCgKCAQEAnfjsdT6gOVARVut7BLoT\nOLNG564ZOjU32hIYEoGQYXKDvv8hgENhM34c4/r7IW1eEPfAJ7C3sYLqeFu+LgOL\nFSi+i0Ky5lvILz8xKeOvd2Eb0kvz0a5Av1r6J7OhDRGxbnmSi5JrToWvIJ/vaS8Q\neyvnsx7PM0Bpky2FQg+gPF3UjKV//rBjDXez1joo99Uq0EOmfKVCrXHrTVgLtQcJ\n8bASxck+BXuUC/aHX6QFIkat98RC5ZhiH/qgScn0X8J8MwunBKGRZHfJIPOLTUSd\nGgZTGuBsyEylmvU0vv0K5XL6New6rJV7rujjC+gC8YEFipn1wJ1tWSb7y+U+a+AE\nyQIDAQAB\n-----END PUBLIC KEY-----\n",
                            "rsa_bits": "2048"
                        },
                        "meta": {},
                        "tainted": false
                    },
                    "deposed": [],
                    "provider": ""
                }
            },
            "depends_on": []
        }
    ]
}
