{
    "version": 3,
    "terraform_version": "0.9.5",
    "serial": 8,
    "lineage": "182c4704-af42-4d01-984f-b1308754e0fb",
    "modules": [
        {
            "path": [
                "root"
            ],
            "outputs": {},
            "resources": {
                "vsphere_file.ubuntu_xenial": {
                    "type": "vsphere_file",
                    "depends_on": [],
                    "primary": {
                        "id": "[VM] ha-datacenter/ubuntu_xenial.vmdk",
                        "attributes": {
                            "datacenter": "ha-datacenter",
                            "datastore": "VM",
                            "destination_file": "ubuntu_xenial.vmdk",
                            "id": "[VM] ha-datacenter/ubuntu_xenial.vmdk",
                            "source_file": "../../../tmp/ubuntu_xenial.vmdk"
                        },
                        "meta": {},
                        "tainted": false
                    },
                    "deposed": [],
                    "provider": ""
                },
                "vsphere_file.ubuntu_xenial_ova": {
                    "type": "vsphere_file",
                    "depends_on": [],
                    "primary": {
                        "id": "[VM] ha-datacenter/ubuntu_xenial.ova",
                        "attributes": {
                            "datacenter": "ha-datacenter",
                            "datastore": "VM",
                            "destination_file": "ubuntu_xenial.ova",
                            "id": "[VM] ha-datacenter/ubuntu_xenial.ova",
                            "source_file": "../../../tmp/ubuntu_xenial.ova"
                        },
                        "meta": {},
                        "tainted": false
                    },
                    "deposed": [],
                    "provider": ""
                }
            },
            "depends_on": []
        }
    ]
}
